
Microsoft Visual Studio Solution File, Format Version 12.00
# Visual Studio Version 17
VisualStudioVersion = 17.5.33627.172
MinimumVisualStudioVersion = 10.0.40219.1
Project("{9A19103F-16F7-4668-BE54-9A1E7A4F7556}") = "TEF.ConsoleApp", "TEF.ConsoleApp\TEF.ConsoleApp.csproj", "{C0B33FB7-16C2-48CA-BF07-E97F7838ED21}"
EndProject
Project("{FAE04EC0-301F-11D3-BF4B-00C04F79EFBC}") = "TEF.DAL", "TEF.DAL\TEF.DAL.csproj", "{2E074AE7-A33A-4474-B6FD-0BB0A01EFE58}"
EndProject
Global
	GlobalSection(SolutionConfigurationPlatforms) = preSolution
		Debug|Any CPU = Debug|Any CPU
		Release|Any CPU = Release|Any CPU
	EndGlobalSection
	GlobalSection(ProjectConfigurationPlatforms) = postSolution
		{C0B33FB7-16C2-48CA-BF07-E97F7838ED21}.Debug|Any CPU.ActiveCfg = Debug|Any CPU
		{C0B33FB7-16C2-48CA-BF07-E97F7838ED21}.Debug|Any CPU.Build.0 = Debug|Any CPU
		{C0B33FB7-16C2-48CA-BF07-E97F7838ED21}.Release|Any CPU.ActiveCfg = Release|Any CPU
		{C0B33FB7-16C2-48CA-BF07-E97F7838ED21}.Release|Any CPU.Build.0 = Release|Any CPU
		{2E074AE7-A33A-4474-B6FD-0BB0A01EFE58}.Debug|Any CPU.ActiveCfg = Debug|Any CPU
		{2E074AE7-A33A-4474-B6FD-0BB0A01EFE58}.Debug|Any CPU.Build.0 = Debug|Any CPU
		{2E074AE7-A33A-4474-B6FD-0BB0A01EFE58}.Release|Any CPU.ActiveCfg = Release|Any CPU
		{2E074AE7-A33A-4474-B6FD-0BB0A01EFE58}.Release|Any CPU.Build.0 = Release|Any CPU
	EndGlobalSection
	GlobalSection(SolutionProperties) = preSolution
		HideSolutionNode = FALSE
	EndGlobalSection
	GlobalSection(ExtensibilityGlobals) = postSolution
		SolutionGuid = {03D4C712-C496-4428-BB19-CFCCB1930098}
	EndGlobalSection
EndGlobal
